
Microsoft Visual Studio Solution File, Format Version 12.00
# Visual Studio Version 17
VisualStudioVersion = 17.11.35327.3
MinimumVisualStudioVersion = 10.0.40219.1
Project("{FAE04EC0-301F-11D3-BF4B-00C04F79EFBC}") = "Solution", "Solution\Solution.csproj", "{59D31E92-95E5-4F77-B256-E65811245175}"
EndProject
Global
	GlobalSection(SolutionConfigurationPlatforms) = preSolution
		Debug|Any CPU = Debug|Any CPU
		Release|Any CPU = Release|Any CPU
	EndGlobalSection
	GlobalSection(ProjectConfigurationPlatforms) = postSolution
		{59D31E92-95E5-4F77-B256-E65811245175}.Debug|Any CPU.ActiveCfg = Debug|Any CPU
		{59D31E92-95E5-4F77-B256-E65811245175}.Debug|Any CPU.Build.0 = Debug|Any CPU
		{59D31E92-95E5-4F77-B256-E65811245175}.Release|Any CPU.ActiveCfg = Release|Any CPU
		{59D31E92-95E5-4F77-B256-E65811245175}.Release|Any CPU.Build.0 = Release|Any CPU
	EndGlobalSection
	GlobalSection(SolutionProperties) = preSolution
		HideSolutionNode = FALSE
	EndGlobalSection
	GlobalSection(ExtensibilityGlobals) = postSolution
		SolutionGuid = {92E8E635-17EA-4301-BF0A-F7C6CB2EC690}
	EndGlobalSection
EndGlobal
